// !$*UTF8*$!
{
	archiveVersion = 1;
	classes = {
	};
	objectVersion = 50;
	objects = {

/* Begin PBXBuildFile section */
		12C28CB2246FB03900DF378F /* AppDelegate.swift in Sources */ = {isa = PBXBuildFile; fileRef = 12C28CB1246FB03900DF378F /* AppDelegate.swift */; };
		12C28CB4246FB03900DF378F /* SceneDelegate.swift in Sources */ = {isa = PBXBuildFile; fileRef = 12C28CB3246FB03900DF378F /* SceneDelegate.swift */; };
		12C28CB6246FB03900DF378F /* ViewController.swift in Sources */ = {isa = PBXBuildFile; fileRef = 12C28CB5246FB03900DF378F /* ViewController.swift */; };
		12C28CB9246FB03900DF378F /* Main.storyboard in Resources */ = {isa = PBXBuildFile; fileRef = 12C28CB7246FB03900DF378F /* Main.storyboard */; };
		12C28CBB246FB03C00DF378F /* Assets.xcassets in Resources */ = {isa = PBXBuildFile; fileRef = 12C28CBA246FB03C00DF378F /* Assets.xcassets */; };
		12C28CBE246FB03C00DF378F /* LaunchScreen.storyboard in Resources */ = {isa = PBXBuildFile; fileRef = 12C28CBC246FB03C00DF378F /* LaunchScreen.storyboard */; };
/* End PBXBuildFile section */

/* Begin PBXFileReference section */
		12C28CAE246FB03900DF378F /* cat-and-dog-encyclopedia.app */ = {isa = PBXFileReference; explicitFileType = wrapper.application; includeInIndex = 0; path = "cat-and-dog-encyclopedia.app"; sourceTree = BUILT_PRODUCTS_DIR; };
		12C28CB1246FB03900DF378F /* AppDelegate.swift */ = {isa = PBXFileReference; lastKnownFileType = sourcecode.swift; path = AppDelegate.swift; sourceTree = "<group>"; };
		12C28CB3246FB03900DF378F /* SceneDelegate.swift */ = {isa = PBXFileReference; lastKnownFileType = sourcecode.swift; path = SceneDelegate.swift; sourceTree = "<group>"; };
		12C28CB5246FB03900DF378F /* ViewController.swift */ = {isa = PBXFileReference; lastKnownFileType = sourcecode.swift; path = ViewController.swift; sourceTree = "<group>"; };
		12C28CB8246FB03900DF378F /* Base */ = {isa = PBXFileReference; lastKnownFileType = file.storyboard; name = Base; path = Base.lproj/Main.storyboard; sourceTree = "<group>"; };
		12C28CBA246FB03C00DF378F /* Assets.xcassets */ = {isa = PBXFileReference; lastKnownFileType = folder.assetcatalog; path = Assets.xcassets; sourceTree = "<group>"; };
		12C28CBD246FB03C00DF378F /* Base */ = {isa = PBXFileReference; lastKnownFileType = file.storyboard; name = Base; path = Base.lproj/LaunchScreen.storyboard; sourceTree = "<group>"; };
		12C28CBF246FB03C00DF378F /* Info.plist */ = {isa = PBXFileReference; lastKnownFileType = text.plist.xml; path = Info.plist; sourceTree = "<group>"; };
/* End PBXFileReference section */

/* Begin PBXFrameworksBuildPhase section */
		12C28CAB246FB03900DF378F /* Frameworks */ = {
			isa = PBXFrameworksBuildPhase;
			buildActionMask = 2147483647;
			files = (
			);
			runOnlyForDeploymentPostprocessing = 0;
		};
/* End PBXFrameworksBuildPhase section */

/* Begin PBXGroup section */
		12C28CA5246FB03900DF378F = {
			isa = PBXGroup;
			children = (
				12C28CB0246FB03900DF378F /* cat-and-dog-encyclopedia */,
				12C28CAF246FB03900DF378F /* Products */,
			);
			sourceTree = "<group>";
		};
		12C28CAF246FB03900DF378F /* Products */ = {
			isa = PBXGroup;
			children = (
				12C28CAE246FB03900DF378F /* cat-and-dog-encyclopedia.app */,
			);
			name = Products;
			sourceTree = "<group>";
		};
		12C28CB0246FB03900DF378F /* cat-and-dog-encyclopedia */ = {
			isa = PBXGroup;
			children = (
				12C28CB1246FB03900DF378F /* AppDelegate.swift */,
				12C28CB3246FB03900DF378F /* SceneDelegate.swift */,
				12C28CB5246FB03900DF378F /* ViewController.swift */,
				12C28CB7246FB03900DF378F /* Main.storyboard */,
				12C28CBA246FB03C00DF378F /* Assets.xcassets */,
				12C28CBC246FB03C00DF378F /* LaunchScreen.storyboard */,
				12C28CBF246FB03C00DF378F /* Info.plist */,
			);
			path = "cat-and-dog-encyclopedia";
			sourceTree = "<group>";
		};
/* End PBXGroup section */

/* Begin PBXNativeTarget section */
		12C28CAD246FB03900DF378F /* cat-and-dog-encyclopedia */ = {
			isa = PBXNativeTarget;
			buildConfigurationList = 12C28CC2246FB03C00DF378F /* Build configuration list for PBXNativeTarget "cat-and-dog-encyclopedia" */;
			buildPhases = (
				12C28CAA246FB03900DF378F /* Sources */,
				12C28CAB246FB03900DF378F /* Frameworks */,
				12C28CAC246FB03900DF378F /* Resources */,
			);
			buildRules = (
			);
			dependencies = (
			);
			name = "cat-and-dog-encyclopedia";
			productName = "cat-and-dog-encyclopedia";
			productReference = 12C28CAE246FB03900DF378F /* cat-and-dog-encyclopedia.app */;
			productType = "com.apple.product-type.application";
		};
/* End PBXNativeTarget section */

/* Begin PBXProject section */
		12C28CA6246FB03900DF378F /* Project object */ = {
			isa = PBXProject;
			attributes = {
				LastSwiftUpdateCheck = 1130;
				LastUpgradeCheck = 1130;
				ORGANIZATIONNAME = "Adhika gunadarma";
				TargetAttributes = {
					12C28CAD246FB03900DF378F = {
						CreatedOnToolsVersion = 11.3.1;
					};
				};
			};
			buildConfigurationList = 12C28CA9246FB03900DF378F /* Build configuration list for PBXProject "cat-and-dog-encyclopedia" */;
			compatibilityVersion = "Xcode 9.3";
			developmentRegion = en;
			hasScannedForEncodings = 0;
			knownRegions = (
				en,
				Base,
			);
			mainGroup = 12C28CA5246FB03900DF378F;
			productRefGroup = 12C28CAF246FB03900DF378F /* Products */;
			projectDirPath = "";
			projectRoot = "";
			targets = (
				12C28CAD246FB03900DF378F /* cat-and-dog-encyclopedia */,
			);
		};
/* End PBXProject section */

/* Begin PBXResourcesBuildPhase section */
		12C28CAC246FB03900DF378F /* Resources */ = {
			isa = PBXResourcesBuildPhase;
			buildActionMask = 2147483647;
			files = (
				12C28CBE246FB03C00DF378F /* LaunchScreen.storyboard in Resources */,
				12C28CBB246FB03C00DF378F /* Assets.xcassets in Resources */,
				12C28CB9246FB03900DF378F /* Main.storyboard in Resources */,
			);
			runOnlyForDeploymentPostprocessing = 0;
		};
/* End PBXResourcesBuildPhase section */

/* Begin PBXSourcesBuildPhase section */
		12C28CAA246FB03900DF378F /* Sources */ = {
			isa = PBXSourcesBuildPhase;
			buildActionMask = 2147483647;
			files = (
				12C28CB6246FB03900DF378F /* ViewController.swift in Sources */,
				12C28CB2246FB03900DF378F /* AppDelegate.swift in Sources */,
				12C28CB4246FB03900DF378F /* SceneDelegate.swift in Sources */,
			);
			runOnlyForDeploymentPostprocessing = 0;
		};
/* End PBXSourcesBuildPhase section */

/* Begin PBXVariantGroup section */
		12C28CB7246FB03900DF378F /* Main.storyboard */ = {
			isa = PBXVariantGroup;
			children = (
				12C28CB8246FB03900DF378F /* Base */,
			);
			name = Main.storyboard;
			sourceTree = "<group>";
		};
		12C28CBC246FB03C00DF378F /* LaunchScreen.storyboard */ = {
			isa = PBXVariantGroup;
			children = (
				12C28CBD246FB03C00DF378F /* Base */,
			);
			name = LaunchScreen.storyboard;
			sourceTree = "<group>";
		};
/* End PBXVariantGroup section */

/* Begin XCBuildConfiguration section */
		12C28CC0246FB03C00DF378F /* Debug */ = {
			isa = XCBuildConfiguration;
			buildSettings = {
				ALWAYS_SEARCH_USER_PATHS = NO;
				CLANG_ANALYZER_NONNULL = YES;
				CLANG_ANALYZER_NUMBER_OBJECT_CONVERSION = YES_AGGRESSIVE;
				CLANG_CXX_LANGUAGE_STANDARD = "gnu++14";
				CLANG_CXX_LIBRARY = "libc++";
				CLANG_ENABLE_MODULES = YES;
				CLANG_ENABLE_OBJC_ARC = YES;
				CLANG_ENABLE_OBJC_WEAK = YES;
				CLANG_WARN_BLOCK_CAPTURE_AUTORELEASING = YES;
				CLANG_WARN_BOOL_CONVERSION = YES;
				CLANG_WARN_COMMA = YES;
				CLANG_WARN_CONSTANT_CONVERSION = YES;
				CLANG_WARN_DEPRECATED_OBJC_IMPLEMENTATIONS = YES;
				CLANG_WARN_DIRECT_OBJC_ISA_USAGE = YES_ERROR;
				CLANG_WARN_DOCUMENTATION_COMMENTS = YES;
				CLANG_WARN_EMPTY_BODY = YES;
				CLANG_WARN_ENUM_CONVERSION = YES;
				CLANG_WARN_INFINITE_RECURSION = YES;
				CLANG_WARN_INT_CONVERSION = YES;
				CLANG_WARN_NON_LITERAL_NULL_CONVERSION = YES;
				CLANG_WARN_OBJC_IMPLICIT_RETAIN_SELF = YES;
				CLANG_WARN_OBJC_LITERAL_CONVERSION = YES;
				CLANG_WARN_OBJC_ROOT_CLASS = YES_ERROR;
				CLANG_WARN_RANGE_LOOP_ANALYSIS = YES;
				CLANG_WARN_STRICT_PROTOTYPES = YES;
				CLANG_WARN_SUSPICIOUS_MOVE = YES;
				CLANG_WARN_UNGUARDED_AVAILABILITY = YES_AGGRESSIVE;
				CLANG_WARN_UNREACHABLE_CODE = YES;
				CLANG_WARN__DUPLICATE_METHOD_MATCH = YES;
				COPY_PHASE_STRIP = NO;
				DEBUG_INFORMATION_FORMAT = dwarf;
				ENABLE_STRICT_OBJC_MSGSEND = YES;
				ENABLE_TESTABILITY = YES;
				GCC_C_LANGUAGE_STANDARD = gnu11;
				GCC_DYNAMIC_NO_PIC = NO;
				GCC_NO_COMMON_BLOCKS = YES;
				GCC_OPTIMIZATION_LEVEL = 0;
				GCC_PREPROCESSOR_DEFINITIONS = (
					"DEBUG=1",
					"$(inherited)",
				);
				GCC_WARN_64_TO_32_BIT_CONVERSION = YES;
				GCC_WARN_ABOUT_RETURN_TYPE = YES_ERROR;
				GCC_WARN_UNDECLARED_SELECTOR = YES;
				GCC_WARN_UNINITIALIZED_AUTOS = YES_AGGRESSIVE;
				GCC_WARN_UNUSED_FUNCTION = YES;
				GCC_WARN_UNUSED_VARIABLE = YES;
				IPHONEOS_DEPLOYMENT_TARGET = 13.2;
				MTL_ENABLE_DEBUG_INFO = INCLUDE_SOURCE;
				MTL_FAST_MATH = YES;
				ONLY_ACTIVE_ARCH = YES;
				SDKROOT = iphoneos;
				SWIFT_ACTIVE_COMPILATION_CONDITIONS = DEBUG;
				SWIFT_OPTIMIZATION_LEVEL = "-Onone";
			};
			name = Debug;
		};
		12C28CC1246FB03C00DF378F /* Release */ = {
			isa = XCBuildConfiguration;
			buildSettings = {
				ALWAYS_SEARCH_USER_PATHS = NO;
				CLANG_ANALYZER_NONNULL = YES;
				CLANG_ANALYZER_NUMBER_OBJECT_CONVERSION = YES_AGGRESSIVE;
				CLANG_CXX_LANGUAGE_STANDARD = "gnu++14";
				CLANG_CXX_LIBRARY = "libc++";
				CLANG_ENABLE_MODULES = YES;
				CLANG_ENABLE_OBJC_ARC = YES;
				CLANG_ENABLE_OBJC_WEAK = YES;
				CLANG_WARN_BLOCK_CAPTURE_AUTORELEASING = YES;
				CLANG_WARN_BOOL_CONVERSION = YES;
				CLANG_WARN_COMMA = YES;
				CLANG_WARN_CONSTANT_CONVERSION = YES;
				CLANG_WARN_DEPRECATED_OBJC_IMPLEMENTATIONS = YES;
				CLANG_WARN_DIRECT_OBJC_ISA_USAGE = YES_ERROR;
				CLANG_WARN_DOCUMENTATION_COMMENTS = YES;
				CLANG_WARN_EMPTY_BODY = YES;
				CLANG_WARN_ENUM_CONVERSION = YES;
				CLANG_WARN_INFINITE_RECURSION = YES;
				CLANG_WARN_INT_CONVERSION = YES;
				CLANG_WARN_NON_LITERAL_NULL_CONVERSION = YES;
				CLANG_WARN_OBJC_IMPLICIT_RETAIN_SELF = YES;
				CLANG_WARN_OBJC_LITERAL_CONVERSION = YES;
				CLANG_WARN_OBJC_ROOT_CLASS = YES_ERROR;
				CLANG_WARN_RANGE_LOOP_ANALYSIS = YES;
				CLANG_WARN_STRICT_PROTOTYPES = YES;
				CLANG_WARN_SUSPICIOUS_MOVE = YES;
				CLANG_WARN_UNGUARDED_AVAILABILITY = YES_AGGRESSIVE;
				CLANG_WARN_UNREACHABLE_CODE = YES;
				CLANG_WARN__DUPLICATE_METHOD_MATCH = YES;
				COPY_PHASE_STRIP = NO;
				DEBUG_INFORMATION_FORMAT = "dwarf-with-dsym";
				ENABLE_NS_ASSERTIONS = NO;
				ENABLE_STRICT_OBJC_MSGSEND = YES;
				GCC_C_LANGUAGE_STANDARD = gnu11;
				GCC_NO_COMMON_BLOCKS = YES;
				GCC_WARN_64_TO_32_BIT_CONVERSION = YES;
				GCC_WARN_ABOUT_RETURN_TYPE = YES_ERROR;
				GCC_WARN_UNDECLARED_SELECTOR = YES;
				GCC_WARN_UNINITIALIZED_AUTOS = YES_AGGRESSIVE;
				GCC_WARN_UNUSED_FUNCTION = YES;
				GCC_WARN_UNUSED_VARIABLE = YES;
				IPHONEOS_DEPLOYMENT_TARGET = 13.2;
				MTL_ENABLE_DEBUG_INFO = NO;
				MTL_FAST_MATH = YES;
				SDKROOT = iphoneos;
				SWIFT_COMPILATION_MODE = wholemodule;
				SWIFT_OPTIMIZATION_LEVEL = "-O";
				VALIDATE_PRODUCT = YES;
			};
			name = Release;
		};
		12C28CC3246FB03C00DF378F /* Debug */ = {
			isa = XCBuildConfiguration;
			buildSettings = {
				ASSETCATALOG_COMPILER_APPICON_NAME = AppIcon;
				CODE_SIGN_STYLE = Automatic;
				INFOPLIST_FILE = "cat-and-dog-encyclopedia/Info.plist";
				LD_RUNPATH_SEARCH_PATHS = (
					"$(inherited)",
					"@executable_path/Frameworks",
				);
				PRODUCT_BUNDLE_IDENTIFIER = "adhikagunadarma.example.catanddogencyclopedia.cat-and-dog-encyclopedia";
				PRODUCT_NAME = "$(TARGET_NAME)";
				SWIFT_VERSION = 5.0;
				TARGETED_DEVICE_FAMILY = "1,2";
			};
			name = Debug;
		};
		12C28CC4246FB03C00DF378F /* Release */ = {
			isa = XCBuildConfiguration;
			buildSettings = {
				ASSETCATALOG_COMPILER_APPICON_NAME = AppIcon;
				CODE_SIGN_STYLE = Automatic;
				INFOPLIST_FILE = "cat-and-dog-encyclopedia/Info.plist";
				LD_RUNPATH_SEARCH_PATHS = (
					"$(inherited)",
					"@executable_path/Frameworks",
				);
				PRODUCT_BUNDLE_IDENTIFIER = "adhikagunadarma.example.catanddogencyclopedia.cat-and-dog-encyclopedia";
				PRODUCT_NAME = "$(TARGET_NAME)";
				SWIFT_VERSION = 5.0;
				TARGETED_DEVICE_FAMILY = "1,2";
			};
			name = Release;
		};
/* End XCBuildConfiguration section */

/* Begin XCConfigurationList section */
		12C28CA9246FB03900DF378F /* Build configuration list for PBXProject "cat-and-dog-encyclopedia" */ = {
			isa = XCConfigurationList;
			buildConfigurations = (
				12C28CC0246FB03C00DF378F /* Debug */,
				12C28CC1246FB03C00DF378F /* Release */,
			);
			defaultConfigurationIsVisible = 0;
			defaultConfigurationName = Release;
		};
		12C28CC2246FB03C00DF378F /* Build configuration list for PBXNativeTarget "cat-and-dog-encyclopedia" */ = {
			isa = XCConfigurationList;
			buildConfigurations = (
				12C28CC3246FB03C00DF378F /* Debug */,
				12C28CC4246FB03C00DF378F /* Release */,
			);
			defaultConfigurationIsVisible = 0;
			defaultConfigurationName = Release;
		};
/* End XCConfigurationList section */
	};
	rootObject = 12C28CA6246FB03900DF378F /* Project object */;
}
